{
  "name": "ghmc-covid-data",
  "version": "1.0.0",
  "lockfileVersion": 1,
  "requires": true,
  "dependencies": {
    "axios": {
      "version": "0.21.1",
      "resolved": "https://registry.npmjs.org/axios/-/axios-0.21.1.tgz",
      "integrity": "sha512-dKQiRHxGD9PPRIUNIWvZhPTPpl1rf/OxTYKsqKUDjBwYylTvV7SjSHJb9ratfyzM6wCdLCOYLzs73qpg5c4iGA==",
      "requires": {
        "follow-redirects": "^1.10.0"
      }
    },
    "bluebird": {
      "version": "3.7.2",
      "resolved": "https://registry.npmjs.org/bluebird/-/bluebird-3.7.2.tgz",
      "integrity": "sha512-XpNj6GDQzdfW+r2Wnn7xiSAd7TM3jzkxGXBGTtWKuSXv1xUV+azxAm8jdWZN06QTQk+2N2XB9jRDkvbmQmcRtg=="
    },
    "boolbase": {
      "version": "1.0.0",
      "resolved": "https://registry.npmjs.org/boolbase/-/boolbase-1.0.0.tgz",
      "integrity": "sha1-aN/1++YMUes3cl6p4+0xDcwed24="
    },
    "cheerio": {
      "version": "1.0.0-rc.5",
      "resolved": "https://registry.npmjs.org/cheerio/-/cheerio-1.0.0-rc.5.tgz",
      "integrity": "sha512-yoqps/VCaZgN4pfXtenwHROTp8NG6/Hlt4Jpz2FEP0ZJQ+ZUkVDd0hAPDNKhj3nakpfPt/CNs57yEtxD1bXQiw==",
      "requires": {
        "cheerio-select-tmp": "^0.1.0",
        "dom-serializer": "~1.2.0",
        "domhandler": "^4.0.0",
        "entities": "~2.1.0",
        "htmlparser2": "^6.0.0",
        "parse5": "^6.0.0",
        "parse5-htmlparser2-tree-adapter": "^6.0.0"
      }
    },
    "cheerio-select-tmp": {
      "version": "0.1.1",
      "resolved": "https://registry.npmjs.org/cheerio-select-tmp/-/cheerio-select-tmp-0.1.1.tgz",
      "integrity": "sha512-YYs5JvbpU19VYJyj+F7oYrIE2BOll1/hRU7rEy/5+v9BzkSo3bK81iAeeQEMI92vRIxz677m72UmJUiVwwgjfQ==",
      "requires": {
        "css-select": "^3.1.2",
        "css-what": "^4.0.0",
        "domelementtype": "^2.1.0",
        "domhandler": "^4.0.0",
        "domutils": "^2.4.4"
      }
    },
    "cheerio-tableparser": {
      "version": "1.0.1",
      "resolved": "https://registry.npmjs.org/cheerio-tableparser/-/cheerio-tableparser-1.0.1.tgz",
      "integrity": "sha1-5VrS3LU2G4wyOmy7jAzUbjy98c0="
    },
    "css-select": {
      "version": "3.1.2",
      "resolved": "https://registry.npmjs.org/css-select/-/css-select-3.1.2.tgz",
      "integrity": "sha512-qmss1EihSuBNWNNhHjxzxSfJoFBM/lERB/Q4EnsJQQC62R2evJDW481091oAdOr9uh46/0n4nrg0It5cAnj1RA==",
      "requires": {
        "boolbase": "^1.0.0",
        "css-what": "^4.0.0",
        "domhandler": "^4.0.0",
        "domutils": "^2.4.3",
        "nth-check": "^2.0.0"
      }
    },
    "css-what": {
      "version": "4.0.0",
      "resolved": "https://registry.npmjs.org/css-what/-/css-what-4.0.0.tgz",
      "integrity": "sha512-teijzG7kwYfNVsUh2H/YN62xW3KK9YhXEgSlbxMlcyjPNvdKJqFx5lrwlJgoFP1ZHlB89iGDlo/JyshKeRhv5A=="
    },
    "csvtojson": {
      "version": "2.0.10",
      "resolved": "https://registry.npmjs.org/csvtojson/-/csvtojson-2.0.10.tgz",
      "integrity": "sha512-lUWFxGKyhraKCW8Qghz6Z0f2l/PqB1W3AO0HKJzGIQ5JRSlR651ekJDiGJbBT4sRNNv5ddnSGVEnsxP9XRCVpQ==",
      "requires": {
        "bluebird": "^3.5.1",
        "lodash": "^4.17.3",
        "strip-bom": "^2.0.0"
      }
    },
    "dom-serializer": {
      "version": "1.2.0",
      "resolved": "https://registry.npmjs.org/dom-serializer/-/dom-serializer-1.2.0.tgz",
      "integrity": "sha512-n6kZFH/KlCrqs/1GHMOd5i2fd/beQHuehKdWvNNffbGHTr/almdhuVvTVFb3V7fglz+nC50fFusu3lY33h12pA==",
      "requires": {
        "domelementtype": "^2.0.1",
        "domhandler": "^4.0.0",
        "entities": "^2.0.0"
      }
    },
    "domelementtype": {
      "version": "2.1.0",
      "resolved": "https://registry.npmjs.org/domelementtype/-/domelementtype-2.1.0.tgz",
      "integrity": "sha512-LsTgx/L5VpD+Q8lmsXSHW2WpA+eBlZ9HPf3erD1IoPF00/3JKHZ3BknUVA2QGDNu69ZNmyFmCWBSO45XjYKC5w=="
    },
    "domhandler": {
      "version": "4.0.0",
      "resolved": "https://registry.npmjs.org/domhandler/-/domhandler-4.0.0.tgz",
      "integrity": "sha512-KPTbnGQ1JeEMQyO1iYXoagsI6so/C96HZiFyByU3T6iAzpXn8EGEvct6unm1ZGoed8ByO2oirxgwxBmqKF9haA==",
      "requires": {
        "domelementtype": "^2.1.0"
      }
    },
    "domutils": {
      "version": "2.4.4",
      "resolved": "https://registry.npmjs.org/domutils/-/domutils-2.4.4.tgz",
      "integrity": "sha512-jBC0vOsECI4OMdD0GC9mGn7NXPLb+Qt6KW1YDQzeQYRUFKmNG8lh7mO5HiELfr+lLQE7loDVI4QcAxV80HS+RA==",
      "requires": {
        "dom-serializer": "^1.0.1",
        "domelementtype": "^2.0.1",
        "domhandler": "^4.0.0"
      }
    },
    "entities": {
      "version": "2.1.0",
      "resolved": "https://registry.npmjs.org/entities/-/entities-2.1.0.tgz",
      "integrity": "sha512-hCx1oky9PFrJ611mf0ifBLBRW8lUUVRlFolb5gWRfIELabBlbp9xZvrqZLZAs+NxFnbfQoeGd8wDkygjg7U85w=="
    },
    "follow-redirects": {
      "version": "1.14.7",
      "resolved": "https://registry.npmjs.org/follow-redirects/-/follow-redirects-1.14.7.tgz",
      "integrity": "sha512-+hbxoLbFMbRKDwohX8GkTataGqO6Jb7jGwpAlwgy2bIz25XtRm7KEzJM76R1WiNT5SwZkX4Y75SwBolkpmE7iQ=="
    },
    "htmlparser2": {
      "version": "6.0.0",
      "resolved": "https://registry.npmjs.org/htmlparser2/-/htmlparser2-6.0.0.tgz",
      "integrity": "sha512-numTQtDZMoh78zJpaNdJ9MXb2cv5G3jwUoe3dMQODubZvLoGvTE/Ofp6sHvH8OGKcN/8A47pGLi/k58xHP/Tfw==",
      "requires": {
        "domelementtype": "^2.0.1",
        "domhandler": "^4.0.0",
        "domutils": "^2.4.4",
        "entities": "^2.0.0"
      }
    },
    "is-utf8": {
      "version": "0.2.1",
      "resolved": "https://registry.npmjs.org/is-utf8/-/is-utf8-0.2.1.tgz",
      "integrity": "sha1-Sw2hRCEE0bM2NA6AeX6GXPOffXI="
    },
    "lodash": {
      "version": "4.17.19",
      "resolved": "https://registry.npmjs.org/lodash/-/lodash-4.17.19.tgz",
      "integrity": "sha512-JNvd8XER9GQX0v2qJgsaN/mzFCNA5BRe/j8JN9d+tWyGLSodKQHKFicdwNYzWwI3wjRnaKPsGj1XkBjx/F96DQ=="
    },
    "nth-check": {
      "version": "2.0.0",
      "resolved": "https://registry.npmjs.org/nth-check/-/nth-check-2.0.0.tgz",
      "integrity": "sha512-i4sc/Kj8htBrAiH1viZ0TgU8Y5XqCaV/FziYK6TBczxmeKm3AEFWqqF3195yKudrarqy7Zu80Ra5dobFjn9X/Q==",
      "requires": {
        "boolbase": "^1.0.0"
      }
    },
    "parse5": {
      "version": "6.0.1",
      "resolved": "https://registry.npmjs.org/parse5/-/parse5-6.0.1.tgz",
      "integrity": "sha512-Ofn/CTFzRGTTxwpNEs9PP93gXShHcTq255nzRYSKe8AkVpZY7e1fpmTfOyoIvjP5HG7Z2ZM7VS9PPhQGW2pOpw=="
    },
    "parse5-htmlparser2-tree-adapter": {
      "version": "6.0.1",
      "resolved": "https://registry.npmjs.org/parse5-htmlparser2-tree-adapter/-/parse5-htmlparser2-tree-adapter-6.0.1.tgz",
      "integrity": "sha512-qPuWvbLgvDGilKc5BoicRovlT4MtYT6JfJyBOMDsKoiT+GiuP5qyrPCnR9HcPECIJJmZh5jRndyNThnhhb/vlA==",
      "requires": {
        "parse5": "^6.0.1"
      }
    },
    "ramda": {
      "version": "0.27.1",
      "resolved": "https://registry.npmjs.org/ramda/-/ramda-0.27.1.tgz",
      "integrity": "sha512-PgIdVpn5y5Yns8vqb8FzBUEYn98V3xcPgawAkkgj0YJ0qDsnHCiNmZYfOGMgOvoB0eWFLpYbhxUR3mxfDIMvpw=="
    },
    "strip-bom": {
      "version": "2.0.0",
      "resolved": "https://registry.npmjs.org/strip-bom/-/strip-bom-2.0.0.tgz",
      "integrity": "sha1-YhmoVhZSBJHzV4i9vxRHqZx+aw4=",
      "requires": {
        "is-utf8": "^0.2.0"
      }
    }
  }
}
